
Microsoft Visual Studio Solution File, Format Version 12.00
# Visual Studio Version 17
VisualStudioVersion = 17.7.34018.315
MinimumVisualStudioVersion = 10.0.40219.1
Project("{2150E333-8FDC-42A3-9474-1A3956D46DE8}") = "1 - Application", "1 - Application", "{E328C25D-DAF0-4726-80DC-6050BBAB5B4A}"
EndProject
Project("{2150E333-8FDC-42A3-9474-1A3956D46DE8}") = "2 - Domain", "2 - Domain", "{09F65681-FEBC-428A-8D96-FC92818F9835}"
EndProject
Project("{2150E333-8FDC-42A3-9474-1A3956D46DE8}") = "3 - Services", "3 - Services", "{495DD6D1-7BD7-4FE5-AE1F-71444D52FDC2}"
EndProject
Project("{2150E333-8FDC-42A3-9474-1A3956D46DE8}") = "4 - Infra", "4 - Infra", "{B78E2E9C-6702-47D6-8246-A155E0E8364C}"
EndProject
Project("{9A19103F-16F7-4668-BE54-9A1E7A4F7556}") = "MenuQR.Domain", "MenuQR.Domain\MenuQR.Domain.csproj", "{69D2CCDD-60F2-42CD-8CD1-A3BC40E7C602}"
EndProject
Project("{9A19103F-16F7-4668-BE54-9A1E7A4F7556}") = "MenuQR.Services", "MenuQR.Services\MenuQR.Services.csproj", "{25C0A40A-3F2B-4933-A33E-F2F740063CCA}"
EndProject
Project("{2150E333-8FDC-42A3-9474-1A3956D46DE8}") = "4.1 - Data", "4.1 - Data", "{C4E13035-1DE8-400E-875F-18DE0D1703F0}"
EndProject
Project("{2150E333-8FDC-42A3-9474-1A3956D46DE8}") = "4.2 - CrossCutting", "4.2 - CrossCutting", "{25DCC60B-4177-4BCA-A196-BD56D7C18424}"
EndProject
Project("{9A19103F-16F7-4668-BE54-9A1E7A4F7556}") = "MenuQR.Infra.Data", "MenuQR.Infra.Data\MenuQR.Infra.Data.csproj", "{EB6809A8-FEAA-43C4-9B85-13616B107E43}"
EndProject
Project("{9A19103F-16F7-4668-BE54-9A1E7A4F7556}") = "MenuQR.Infra.CrossCutting", "MenuQR.Infra.CrossCutting\MenuQR.Infra.CrossCutting.csproj", "{72E89193-3732-47FE-A1B4-76B89F1F9E9B}"
EndProject
Project("{9A19103F-16F7-4668-BE54-9A1E7A4F7556}") = "MenuQR.Application", "MenuQR.Application\MenuQR.Application.csproj", "{5B4638F9-FFF0-4EE3-A34A-FFD4FDC1F59B}"
EndProject
Project("{FAE04EC0-301F-11D3-BF4B-00C04F79EFBC}") = "MenuQR.Api", "MenuQR.Api\MenuQR.Api.csproj", "{1DE55173-6C3F-4D06-BCBF-557E8DB4FBD0}"
EndProject
Global
	GlobalSection(SolutionConfigurationPlatforms) = preSolution
		Debug|Any CPU = Debug|Any CPU
		Release|Any CPU = Release|Any CPU
	EndGlobalSection
	GlobalSection(ProjectConfigurationPlatforms) = postSolution
		{69D2CCDD-60F2-42CD-8CD1-A3BC40E7C602}.Debug|Any CPU.ActiveCfg = Debug|Any CPU
		{69D2CCDD-60F2-42CD-8CD1-A3BC40E7C602}.Debug|Any CPU.Build.0 = Debug|Any CPU
		{69D2CCDD-60F2-42CD-8CD1-A3BC40E7C602}.Release|Any CPU.ActiveCfg = Release|Any CPU
		{69D2CCDD-60F2-42CD-8CD1-A3BC40E7C602}.Release|Any CPU.Build.0 = Release|Any CPU
		{25C0A40A-3F2B-4933-A33E-F2F740063CCA}.Debug|Any CPU.ActiveCfg = Debug|Any CPU
		{25C0A40A-3F2B-4933-A33E-F2F740063CCA}.Debug|Any CPU.Build.0 = Debug|Any CPU
		{25C0A40A-3F2B-4933-A33E-F2F740063CCA}.Release|Any CPU.ActiveCfg = Release|Any CPU
		{25C0A40A-3F2B-4933-A33E-F2F740063CCA}.Release|Any CPU.Build.0 = Release|Any CPU
		{EB6809A8-FEAA-43C4-9B85-13616B107E43}.Debug|Any CPU.ActiveCfg = Debug|Any CPU
		{EB6809A8-FEAA-43C4-9B85-13616B107E43}.Debug|Any CPU.Build.0 = Debug|Any CPU
		{EB6809A8-FEAA-43C4-9B85-13616B107E43}.Release|Any CPU.ActiveCfg = Release|Any CPU
		{EB6809A8-FEAA-43C4-9B85-13616B107E43}.Release|Any CPU.Build.0 = Release|Any CPU
		{72E89193-3732-47FE-A1B4-76B89F1F9E9B}.Debug|Any CPU.ActiveCfg = Debug|Any CPU
		{72E89193-3732-47FE-A1B4-76B89F1F9E9B}.Debug|Any CPU.Build.0 = Debug|Any CPU
		{72E89193-3732-47FE-A1B4-76B89F1F9E9B}.Release|Any CPU.ActiveCfg = Release|Any CPU
		{72E89193-3732-47FE-A1B4-76B89F1F9E9B}.Release|Any CPU.Build.0 = Release|Any CPU
		{5B4638F9-FFF0-4EE3-A34A-FFD4FDC1F59B}.Debug|Any CPU.ActiveCfg = Debug|Any CPU
		{5B4638F9-FFF0-4EE3-A34A-FFD4FDC1F59B}.Debug|Any CPU.Build.0 = Debug|Any CPU
		{5B4638F9-FFF0-4EE3-A34A-FFD4FDC1F59B}.Release|Any CPU.ActiveCfg = Release|Any CPU
		{5B4638F9-FFF0-4EE3-A34A-FFD4FDC1F59B}.Release|Any CPU.Build.0 = Release|Any CPU
		{1DE55173-6C3F-4D06-BCBF-557E8DB4FBD0}.Debug|Any CPU.ActiveCfg = Debug|Any CPU
		{1DE55173-6C3F-4D06-BCBF-557E8DB4FBD0}.Debug|Any CPU.Build.0 = Debug|Any CPU
		{1DE55173-6C3F-4D06-BCBF-557E8DB4FBD0}.Release|Any CPU.ActiveCfg = Release|Any CPU
		{1DE55173-6C3F-4D06-BCBF-557E8DB4FBD0}.Release|Any CPU.Build.0 = Release|Any CPU
	EndGlobalSection
	GlobalSection(SolutionProperties) = preSolution
		HideSolutionNode = FALSE
	EndGlobalSection
	GlobalSection(NestedProjects) = preSolution
		{69D2CCDD-60F2-42CD-8CD1-A3BC40E7C602} = {09F65681-FEBC-428A-8D96-FC92818F9835}
		{25C0A40A-3F2B-4933-A33E-F2F740063CCA} = {495DD6D1-7BD7-4FE5-AE1F-71444D52FDC2}
		{C4E13035-1DE8-400E-875F-18DE0D1703F0} = {B78E2E9C-6702-47D6-8246-A155E0E8364C}
		{25DCC60B-4177-4BCA-A196-BD56D7C18424} = {B78E2E9C-6702-47D6-8246-A155E0E8364C}
		{EB6809A8-FEAA-43C4-9B85-13616B107E43} = {C4E13035-1DE8-400E-875F-18DE0D1703F0}
		{72E89193-3732-47FE-A1B4-76B89F1F9E9B} = {25DCC60B-4177-4BCA-A196-BD56D7C18424}
		{5B4638F9-FFF0-4EE3-A34A-FFD4FDC1F59B} = {E328C25D-DAF0-4726-80DC-6050BBAB5B4A}
		{1DE55173-6C3F-4D06-BCBF-557E8DB4FBD0} = {E328C25D-DAF0-4726-80DC-6050BBAB5B4A}
	EndGlobalSection
	GlobalSection(ExtensibilityGlobals) = postSolution
		SolutionGuid = {C9389508-D185-4C15-8449-A43A648DC22B}
	EndGlobalSection
EndGlobal
