
Microsoft Visual Studio Solution File, Format Version 12.00
# Visual Studio Version 17
VisualStudioVersion = 17.7.34018.315
MinimumVisualStudioVersion = 10.0.40219.1
Project("{2150E333-8FDC-42A3-9474-1A3956D46DE8}") = "1 - Application", "1 - Application", "{E328C25D-DAF0-4726-80DC-6050BBAB5B4A}"
EndProject
Project("{2150E333-8FDC-42A3-9474-1A3956D46DE8}") = "2 - Domain", "2 - Domain", "{09F65681-FEBC-428A-8D96-FC92818F9835}"
EndProject
Project("{2150E333-8FDC-42A3-9474-1A3956D46DE8}") = "3 - Services", "3 - Services", "{495DD6D1-7BD7-4FE5-AE1F-71444D52FDC2}"
EndProject
Project("{2150E333-8FDC-42A3-9474-1A3956D46DE8}") = "4 - Infra", "4 - Infra", "{B78E2E9C-6702-47D6-8246-A155E0E8364C}"
EndProject
Project("{2150E333-8FDC-42A3-9474-1A3956D46DE8}") = "4.1 - Data", "4.1 - Data", "{C4E13035-1DE8-400E-875F-18DE0D1703F0}"
EndProject
Project("{2150E333-8FDC-42A3-9474-1A3956D46DE8}") = "4.2 - CrossCutting", "4.2 - CrossCutting", "{25DCC60B-4177-4BCA-A196-BD56D7C18424}"
EndProject
Project("{9A19103F-16F7-4668-BE54-9A1E7A4F7556}") = "OrderQR.Api", "OrderQR.Api\OrderQR.Api.csproj", "{F97D9A00-C907-4018-8682-D8D84ECC8E63}"
EndProject
Project("{9A19103F-16F7-4668-BE54-9A1E7A4F7556}") = "OrderQR.Application", "OrderQR.Application\OrderQR.Application.csproj", "{1214FC31-07AF-4640-B41A-6A28EA0084D1}"
EndProject
Project("{9A19103F-16F7-4668-BE54-9A1E7A4F7556}") = "OrderQR.Domain", "OrderQR.Domain\OrderQR.Domain.csproj", "{4EED9667-BBC4-45ED-AE01-A754F1C8AFD6}"
EndProject
Project("{9A19103F-16F7-4668-BE54-9A1E7A4F7556}") = "OrderQR.Services", "OrderQR.Services\OrderQR.Services.csproj", "{DE9DA87D-BCB3-4443-8D9C-AB6C34D7CEEC}"
EndProject
Project("{9A19103F-16F7-4668-BE54-9A1E7A4F7556}") = "OrderQR.Infra.Data", "OrderQR.Infra.Data\OrderQR.Infra.Data.csproj", "{1D43BD73-D5A5-4BBD-8638-04C271B39A42}"
EndProject
Project("{9A19103F-16F7-4668-BE54-9A1E7A4F7556}") = "OrderQR.Infra.CrossCutting", "OrderQR.Infra.CrossCutting\OrderQR.Infra.CrossCutting.csproj", "{3248B283-C320-480E-95D3-97C1C1B7B854}"
EndProject
Global
	GlobalSection(SolutionConfigurationPlatforms) = preSolution
		Debug|Any CPU = Debug|Any CPU
		Release|Any CPU = Release|Any CPU
	EndGlobalSection
	GlobalSection(ProjectConfigurationPlatforms) = postSolution
		{F97D9A00-C907-4018-8682-D8D84ECC8E63}.Debug|Any CPU.ActiveCfg = Debug|Any CPU
		{F97D9A00-C907-4018-8682-D8D84ECC8E63}.Debug|Any CPU.Build.0 = Debug|Any CPU
		{F97D9A00-C907-4018-8682-D8D84ECC8E63}.Release|Any CPU.ActiveCfg = Release|Any CPU
		{F97D9A00-C907-4018-8682-D8D84ECC8E63}.Release|Any CPU.Build.0 = Release|Any CPU
		{1214FC31-07AF-4640-B41A-6A28EA0084D1}.Debug|Any CPU.ActiveCfg = Debug|Any CPU
		{1214FC31-07AF-4640-B41A-6A28EA0084D1}.Debug|Any CPU.Build.0 = Debug|Any CPU
		{1214FC31-07AF-4640-B41A-6A28EA0084D1}.Release|Any CPU.ActiveCfg = Release|Any CPU
		{1214FC31-07AF-4640-B41A-6A28EA0084D1}.Release|Any CPU.Build.0 = Release|Any CPU
		{4EED9667-BBC4-45ED-AE01-A754F1C8AFD6}.Debug|Any CPU.ActiveCfg = Debug|Any CPU
		{4EED9667-BBC4-45ED-AE01-A754F1C8AFD6}.Debug|Any CPU.Build.0 = Debug|Any CPU
		{4EED9667-BBC4-45ED-AE01-A754F1C8AFD6}.Release|Any CPU.ActiveCfg = Release|Any CPU
		{4EED9667-BBC4-45ED-AE01-A754F1C8AFD6}.Release|Any CPU.Build.0 = Release|Any CPU
		{DE9DA87D-BCB3-4443-8D9C-AB6C34D7CEEC}.Debug|Any CPU.ActiveCfg = Debug|Any CPU
		{DE9DA87D-BCB3-4443-8D9C-AB6C34D7CEEC}.Debug|Any CPU.Build.0 = Debug|Any CPU
		{DE9DA87D-BCB3-4443-8D9C-AB6C34D7CEEC}.Release|Any CPU.ActiveCfg = Release|Any CPU
		{DE9DA87D-BCB3-4443-8D9C-AB6C34D7CEEC}.Release|Any CPU.Build.0 = Release|Any CPU
		{1D43BD73-D5A5-4BBD-8638-04C271B39A42}.Debug|Any CPU.ActiveCfg = Debug|Any CPU
		{1D43BD73-D5A5-4BBD-8638-04C271B39A42}.Debug|Any CPU.Build.0 = Debug|Any CPU
		{1D43BD73-D5A5-4BBD-8638-04C271B39A42}.Release|Any CPU.ActiveCfg = Release|Any CPU
		{1D43BD73-D5A5-4BBD-8638-04C271B39A42}.Release|Any CPU.Build.0 = Release|Any CPU
		{3248B283-C320-480E-95D3-97C1C1B7B854}.Debug|Any CPU.ActiveCfg = Debug|Any CPU
		{3248B283-C320-480E-95D3-97C1C1B7B854}.Debug|Any CPU.Build.0 = Debug|Any CPU
		{3248B283-C320-480E-95D3-97C1C1B7B854}.Release|Any CPU.ActiveCfg = Release|Any CPU
		{3248B283-C320-480E-95D3-97C1C1B7B854}.Release|Any CPU.Build.0 = Release|Any CPU
	EndGlobalSection
	GlobalSection(SolutionProperties) = preSolution
		HideSolutionNode = FALSE
	EndGlobalSection
	GlobalSection(NestedProjects) = preSolution
		{C4E13035-1DE8-400E-875F-18DE0D1703F0} = {B78E2E9C-6702-47D6-8246-A155E0E8364C}
		{25DCC60B-4177-4BCA-A196-BD56D7C18424} = {B78E2E9C-6702-47D6-8246-A155E0E8364C}
		{F97D9A00-C907-4018-8682-D8D84ECC8E63} = {E328C25D-DAF0-4726-80DC-6050BBAB5B4A}
		{1214FC31-07AF-4640-B41A-6A28EA0084D1} = {E328C25D-DAF0-4726-80DC-6050BBAB5B4A}
		{4EED9667-BBC4-45ED-AE01-A754F1C8AFD6} = {09F65681-FEBC-428A-8D96-FC92818F9835}
		{DE9DA87D-BCB3-4443-8D9C-AB6C34D7CEEC} = {495DD6D1-7BD7-4FE5-AE1F-71444D52FDC2}
		{1D43BD73-D5A5-4BBD-8638-04C271B39A42} = {C4E13035-1DE8-400E-875F-18DE0D1703F0}
		{3248B283-C320-480E-95D3-97C1C1B7B854} = {25DCC60B-4177-4BCA-A196-BD56D7C18424}
	EndGlobalSection
	GlobalSection(ExtensibilityGlobals) = postSolution
		SolutionGuid = {C9389508-D185-4C15-8449-A43A648DC22B}
	EndGlobalSection
EndGlobal
